
Microsoft Visual Studio Solution File, Format Version 12.00
# Visual Studio Version 17
VisualStudioVersion = 17.5.002.0
MinimumVisualStudioVersion = 10.0.40219.1
Project("{9A19103F-16F7-4668-BE54-9A1E7A4F7556}") = "TaskManager", "TaskManager\TaskManager.csproj", "{12206D0B-B636-409E-B75B-48568555C924}"
EndProject
Global
	GlobalSection(SolutionConfigurationPlatforms) = preSolution
		Debug|Any CPU = Debug|Any CPU
		Release|Any CPU = Release|Any CPU
	EndGlobalSection
	GlobalSection(ProjectConfigurationPlatforms) = postSolution
		{12206D0B-B636-409E-B75B-48568555C924}.Debug|Any CPU.ActiveCfg = Debug|Any CPU
		{12206D0B-B636-409E-B75B-48568555C924}.Debug|Any CPU.Build.0 = Debug|Any CPU
		{12206D0B-B636-409E-B75B-48568555C924}.Release|Any CPU.ActiveCfg = Release|Any CPU
		{12206D0B-B636-409E-B75B-48568555C924}.Release|Any CPU.Build.0 = Release|Any CPU
	EndGlobalSection
	GlobalSection(SolutionProperties) = preSolution
		HideSolutionNode = FALSE
	EndGlobalSection
	GlobalSection(ExtensibilityGlobals) = postSolution
		SolutionGuid = {6A310392-AB96-4EE4-AA6A-9F37E29B3A62}
	EndGlobalSection
EndGlobal
